
Microsoft Visual Studio Solution File, Format Version 12.00
# Visual Studio 2012
Project("{FAE04EC0-301F-11D3-BF4B-00C04F79EFBC}") = "DBVortaro", "Vortaro\DBVortaro.csproj", "{B6862577-E8BC-4222-A620-9F8C289BD991}"
EndProject
Project("{FAE04EC0-301F-11D3-BF4B-00C04F79EFBC}") = "VortaroModel", "VortaroModel\VortaroModel.csproj", "{71E55D13-A7AB-4A00-9D1C-64AF7DCCACDA}"
EndProject
Global
	GlobalSection(SolutionConfigurationPlatforms) = preSolution
		Debug|Any CPU = Debug|Any CPU
		Release|Any CPU = Release|Any CPU
	EndGlobalSection
	GlobalSection(ProjectConfigurationPlatforms) = postSolution
		{B6862577-E8BC-4222-A620-9F8C289BD991}.Debug|Any CPU.ActiveCfg = Debug|Any CPU
		{B6862577-E8BC-4222-A620-9F8C289BD991}.Debug|Any CPU.Build.0 = Debug|Any CPU
		{B6862577-E8BC-4222-A620-9F8C289BD991}.Release|Any CPU.ActiveCfg = Release|Any CPU
		{B6862577-E8BC-4222-A620-9F8C289BD991}.Release|Any CPU.Build.0 = Release|Any CPU
		{71E55D13-A7AB-4A00-9D1C-64AF7DCCACDA}.Debug|Any CPU.ActiveCfg = Debug|Any CPU
		{71E55D13-A7AB-4A00-9D1C-64AF7DCCACDA}.Debug|Any CPU.Build.0 = Debug|Any CPU
		{71E55D13-A7AB-4A00-9D1C-64AF7DCCACDA}.Release|Any CPU.ActiveCfg = Release|Any CPU
		{71E55D13-A7AB-4A00-9D1C-64AF7DCCACDA}.Release|Any CPU.Build.0 = Release|Any CPU
	EndGlobalSection
	GlobalSection(SolutionProperties) = preSolution
		HideSolutionNode = FALSE
	EndGlobalSection
EndGlobal
